
Microsoft Visual Studio Solution File, Format Version 12.00
# Visual Studio Version 17
VisualStudioVersion = 17.5.33414.496
MinimumVisualStudioVersion = 10.0.40219.1
Project("{FAE04EC0-301F-11D3-BF4B-00C04F79EFBC}") = "Tamrin jadid", "Tamrin jadid\Tamrin jadid.csproj", "{50ADDB52-52C0-4757-A992-E8171F7965AA}"
EndProject
Global
	GlobalSection(SolutionConfigurationPlatforms) = preSolution
		Debug|Any CPU = Debug|Any CPU
		Release|Any CPU = Release|Any CPU
	EndGlobalSection
	GlobalSection(ProjectConfigurationPlatforms) = postSolution
		{50ADDB52-52C0-4757-A992-E8171F7965AA}.Debug|Any CPU.ActiveCfg = Debug|Any CPU
		{50ADDB52-52C0-4757-A992-E8171F7965AA}.Debug|Any CPU.Build.0 = Debug|Any CPU
		{50ADDB52-52C0-4757-A992-E8171F7965AA}.Release|Any CPU.ActiveCfg = Release|Any CPU
		{50ADDB52-52C0-4757-A992-E8171F7965AA}.Release|Any CPU.Build.0 = Release|Any CPU
	EndGlobalSection
	GlobalSection(SolutionProperties) = preSolution
		HideSolutionNode = FALSE
	EndGlobalSection
	GlobalSection(ExtensibilityGlobals) = postSolution
		SolutionGuid = {2E7DE987-F3F6-4434-90A3-D461B29A3CFE}
	EndGlobalSection
EndGlobal
